
Microsoft Visual Studio Solution File, Format Version 12.00
# Visual Studio 15
VisualStudioVersion = 15.0.28307.329
MinimumVisualStudioVersion = 10.0.40219.1
Project("{FAE04EC0-301F-11D3-BF4B-00C04F79EFBC}") = "Addition Tutor", "Addition Tutor\Addition Tutor.csproj", "{0580A52A-3E9D-4D29-AF24-9C401BE452BD}"
EndProject
Global
	GlobalSection(SolutionConfigurationPlatforms) = preSolution
		Debug|Any CPU = Debug|Any CPU
		Release|Any CPU = Release|Any CPU
	EndGlobalSection
	GlobalSection(ProjectConfigurationPlatforms) = postSolution
		{0580A52A-3E9D-4D29-AF24-9C401BE452BD}.Debug|Any CPU.ActiveCfg = Debug|Any CPU
		{0580A52A-3E9D-4D29-AF24-9C401BE452BD}.Debug|Any CPU.Build.0 = Debug|Any CPU
		{0580A52A-3E9D-4D29-AF24-9C401BE452BD}.Release|Any CPU.ActiveCfg = Release|Any CPU
		{0580A52A-3E9D-4D29-AF24-9C401BE452BD}.Release|Any CPU.Build.0 = Release|Any CPU
	EndGlobalSection
	GlobalSection(SolutionProperties) = preSolution
		HideSolutionNode = FALSE
	EndGlobalSection
	GlobalSection(ExtensibilityGlobals) = postSolution
		SolutionGuid = {6F5FDF26-E223-4A4C-AF50-A1AEAC49E3DF}
	EndGlobalSection
EndGlobal
